
Microsoft Visual Studio Solution File, Format Version 12.00
# Visual Studio Version 16
VisualStudioVersion = 16.0.30503.244
MinimumVisualStudioVersion = 10.0.40219.1
Project("{FAE04EC0-301F-11D3-BF4B-00C04F79EFBC}") = "RPSLS", "RPSLS\RPSLS.csproj", "{091B65D0-4485-45E2-824A-6CAB811B6A65}"
EndProject
Global
	GlobalSection(SolutionConfigurationPlatforms) = preSolution
		Debug|Any CPU = Debug|Any CPU
		Release|Any CPU = Release|Any CPU
	EndGlobalSection
	GlobalSection(ProjectConfigurationPlatforms) = postSolution
		{091B65D0-4485-45E2-824A-6CAB811B6A65}.Debug|Any CPU.ActiveCfg = Debug|Any CPU
		{091B65D0-4485-45E2-824A-6CAB811B6A65}.Debug|Any CPU.Build.0 = Debug|Any CPU
		{091B65D0-4485-45E2-824A-6CAB811B6A65}.Release|Any CPU.ActiveCfg = Release|Any CPU
		{091B65D0-4485-45E2-824A-6CAB811B6A65}.Release|Any CPU.Build.0 = Release|Any CPU
	EndGlobalSection
	GlobalSection(SolutionProperties) = preSolution
		HideSolutionNode = FALSE
	EndGlobalSection
	GlobalSection(ExtensibilityGlobals) = postSolution
		SolutionGuid = {D11633A4-73D8-4EF2-8FC5-F6F8300E9D03}
	EndGlobalSection
EndGlobal
